
Microsoft Visual Studio Solution File, Format Version 12.00
# Visual Studio 14
VisualStudioVersion = 14.0.25420.1
MinimumVisualStudioVersion = 10.0.40219.1
Project("{FAE04EC0-301F-11D3-BF4B-00C04F79EFBC}") = "LatihanDll", "LatihanDll\LatihanDll.csproj", "{C3B0C4F8-4A21-45C9-8303-F394EE0E2BFC}"
EndProject
Project("{FAE04EC0-301F-11D3-BF4B-00C04F79EFBC}") = "Latihan.Model", "Latihan.Model\Latihan.Model.csproj", "{3DB4527E-95DE-413B-8A72-86BE54897802}"
EndProject
Project("{FAE04EC0-301F-11D3-BF4B-00C04F79EFBC}") = "TestDll", "TestDll\TestDll.csproj", "{F31C010A-1302-4E68-AF4E-7427FFEEE5CE}"
EndProject
Global
	GlobalSection(SolutionConfigurationPlatforms) = preSolution
		Debug|Any CPU = Debug|Any CPU
		Release|Any CPU = Release|Any CPU
	EndGlobalSection
	GlobalSection(ProjectConfigurationPlatforms) = postSolution
		{C3B0C4F8-4A21-45C9-8303-F394EE0E2BFC}.Debug|Any CPU.ActiveCfg = Debug|Any CPU
		{C3B0C4F8-4A21-45C9-8303-F394EE0E2BFC}.Debug|Any CPU.Build.0 = Debug|Any CPU
		{C3B0C4F8-4A21-45C9-8303-F394EE0E2BFC}.Release|Any CPU.ActiveCfg = Release|Any CPU
		{C3B0C4F8-4A21-45C9-8303-F394EE0E2BFC}.Release|Any CPU.Build.0 = Release|Any CPU
		{3DB4527E-95DE-413B-8A72-86BE54897802}.Debug|Any CPU.ActiveCfg = Debug|Any CPU
		{3DB4527E-95DE-413B-8A72-86BE54897802}.Debug|Any CPU.Build.0 = Debug|Any CPU
		{3DB4527E-95DE-413B-8A72-86BE54897802}.Release|Any CPU.ActiveCfg = Release|Any CPU
		{3DB4527E-95DE-413B-8A72-86BE54897802}.Release|Any CPU.Build.0 = Release|Any CPU
		{F31C010A-1302-4E68-AF4E-7427FFEEE5CE}.Debug|Any CPU.ActiveCfg = Debug|Any CPU
		{F31C010A-1302-4E68-AF4E-7427FFEEE5CE}.Debug|Any CPU.Build.0 = Debug|Any CPU
		{F31C010A-1302-4E68-AF4E-7427FFEEE5CE}.Release|Any CPU.ActiveCfg = Release|Any CPU
		{F31C010A-1302-4E68-AF4E-7427FFEEE5CE}.Release|Any CPU.Build.0 = Release|Any CPU
	EndGlobalSection
	GlobalSection(SolutionProperties) = preSolution
		HideSolutionNode = FALSE
	EndGlobalSection
EndGlobal
